
Microsoft Visual Studio Solution File, Format Version 12.00
# Visual Studio Version 17
VisualStudioVersion = 17.7.34018.315
MinimumVisualStudioVersion = 10.0.40219.1
Project("{FAE04EC0-301F-11D3-BF4B-00C04F79EFBC}") = "FolheandoBooks.Usuario", "FolheandoBooks.Usuario\FolheandoBooks.Usuario.csproj", "{1D6F4F03-F9F6-49EE-BEE1-F7CC9C572793}"
EndProject
Global
	GlobalSection(SolutionConfigurationPlatforms) = preSolution
		Debug|Any CPU = Debug|Any CPU
		Release|Any CPU = Release|Any CPU
	EndGlobalSection
	GlobalSection(ProjectConfigurationPlatforms) = postSolution
		{1D6F4F03-F9F6-49EE-BEE1-F7CC9C572793}.Debug|Any CPU.ActiveCfg = Debug|Any CPU
		{1D6F4F03-F9F6-49EE-BEE1-F7CC9C572793}.Debug|Any CPU.Build.0 = Debug|Any CPU
		{1D6F4F03-F9F6-49EE-BEE1-F7CC9C572793}.Release|Any CPU.ActiveCfg = Release|Any CPU
		{1D6F4F03-F9F6-49EE-BEE1-F7CC9C572793}.Release|Any CPU.Build.0 = Release|Any CPU
	EndGlobalSection
	GlobalSection(SolutionProperties) = preSolution
		HideSolutionNode = FALSE
	EndGlobalSection
	GlobalSection(ExtensibilityGlobals) = postSolution
		SolutionGuid = {5E5345A5-E46D-4EBC-A9A6-F81AF3ACCC7A}
	EndGlobalSection
EndGlobal
